// !$*UTF8*$!
{
	archiveVersion = 1;
	classes = {
	};
	objectVersion = 46;
	objects = {

/* Begin PBXBuildFile section */
		FCAF90BB1C98650D001B42A0 /* AppDelegate.swift in Sources */ = {isa = PBXBuildFile; fileRef = FCAF90BA1C98650D001B42A0 /* AppDelegate.swift */; };
		FCAF90BD1C98650D001B42A0 /* MasterViewController.swift in Sources */ = {isa = PBXBuildFile; fileRef = FCAF90BC1C98650D001B42A0 /* MasterViewController.swift */; };
		FCAF90BF1C98650D001B42A0 /* DetailViewController.swift in Sources */ = {isa = PBXBuildFile; fileRef = FCAF90BE1C98650D001B42A0 /* DetailViewController.swift */; };
		FCAF90C21C98650D001B42A0 /* Main.storyboard in Resources */ = {isa = PBXBuildFile; fileRef = FCAF90C01C98650D001B42A0 /* Main.storyboard */; };
		FCAF90C41C98650D001B42A0 /* Assets.xcassets in Resources */ = {isa = PBXBuildFile; fileRef = FCAF90C31C98650D001B42A0 /* Assets.xcassets */; };
		FCAF90C71C98650D001B42A0 /* LaunchScreen.storyboard in Resources */ = {isa = PBXBuildFile; fileRef = FCAF90C51C98650D001B42A0 /* LaunchScreen.storyboard */; };
/* End PBXBuildFile section */

/* Begin PBXFileReference section */
		FCAF90B71C98650D001B42A0 /* petitions.app */ = {isa = PBXFileReference; explicitFileType = wrapper.application; includeInIndex = 0; path = petitions.app; sourceTree = BUILT_PRODUCTS_DIR; };
		FCAF90BA1C98650D001B42A0 /* AppDelegate.swift */ = {isa = PBXFileReference; lastKnownFileType = sourcecode.swift; path = AppDelegate.swift; sourceTree = "<group>"; };
		FCAF90BC1C98650D001B42A0 /* MasterViewController.swift */ = {isa = PBXFileReference; lastKnownFileType = sourcecode.swift; path = MasterViewController.swift; sourceTree = "<group>"; };
		FCAF90BE1C98650D001B42A0 /* DetailViewController.swift */ = {isa = PBXFileReference; lastKnownFileType = sourcecode.swift; path = DetailViewController.swift; sourceTree = "<group>"; };
		FCAF90C11C98650D001B42A0 /* Base */ = {isa = PBXFileReference; lastKnownFileType = file.storyboard; name = Base; path = Base.lproj/Main.storyboard; sourceTree = "<group>"; };
		FCAF90C31C98650D001B42A0 /* Assets.xcassets */ = {isa = PBXFileReference; lastKnownFileType = folder.assetcatalog; path = Assets.xcassets; sourceTree = "<group>"; };
		FCAF90C61C98650D001B42A0 /* Base */ = {isa = PBXFileReference; lastKnownFileType = file.storyboard; name = Base; path = Base.lproj/LaunchScreen.storyboard; sourceTree = "<group>"; };
		FCAF90C81C98650D001B42A0 /* Info.plist */ = {isa = PBXFileReference; lastKnownFileType = text.plist.xml; path = Info.plist; sourceTree = "<group>"; };
/* End PBXFileReference section */

/* Begin PBXFrameworksBuildPhase section */
		FCAF90B41C98650D001B42A0 /* Frameworks */ = {
			isa = PBXFrameworksBuildPhase;
			buildActionMask = 2147483647;
			files = (
			);
			runOnlyForDeploymentPostprocessing = 0;
		};
/* End PBXFrameworksBuildPhase section */

/* Begin PBXGroup section */
		FCAF90AE1C98650D001B42A0 = {
			isa = PBXGroup;
			children = (
				FCAF90B91C98650D001B42A0 /* petitions */,
				FCAF90B81C98650D001B42A0 /* Products */,
			);
			sourceTree = "<group>";
		};
		FCAF90B81C98650D001B42A0 /* Products */ = {
			isa = PBXGroup;
			children = (
				FCAF90B71C98650D001B42A0 /* petitions.app */,
			);
			name = Products;
			sourceTree = "<group>";
		};
		FCAF90B91C98650D001B42A0 /* petitions */ = {
			isa = PBXGroup;
			children = (
				FCAF90BA1C98650D001B42A0 /* AppDelegate.swift */,
				FCAF90BC1C98650D001B42A0 /* MasterViewController.swift */,
				FCAF90BE1C98650D001B42A0 /* DetailViewController.swift */,
				FCAF90C01C98650D001B42A0 /* Main.storyboard */,
				FCAF90C31C98650D001B42A0 /* Assets.xcassets */,
				FCAF90C51C98650D001B42A0 /* LaunchScreen.storyboard */,
				FCAF90C81C98650D001B42A0 /* Info.plist */,
			);
			path = petitions;
			sourceTree = "<group>";
		};
/* End PBXGroup section */

/* Begin PBXNativeTarget section */
		FCAF90B61C98650D001B42A0 /* petitions */ = {
			isa = PBXNativeTarget;
			buildConfigurationList = FCAF90CB1C98650D001B42A0 /* Build configuration list for PBXNativeTarget "petitions" */;
			buildPhases = (
				FCAF90B31C98650D001B42A0 /* Sources */,
				FCAF90B41C98650D001B42A0 /* Frameworks */,
				FCAF90B51C98650D001B42A0 /* Resources */,
			);
			buildRules = (
			);
			dependencies = (
			);
			name = petitions;
			productName = petitions;
			productReference = FCAF90B71C98650D001B42A0 /* petitions.app */;
			productType = "com.apple.product-type.application";
		};
/* End PBXNativeTarget section */

/* Begin PBXProject section */
		FCAF90AF1C98650D001B42A0 /* Project object */ = {
			isa = PBXProject;
			attributes = {
				LastSwiftUpdateCheck = 0720;
				LastUpgradeCheck = 0720;
				ORGANIZATIONNAME = "Connor McGuinness";
				TargetAttributes = {
					FCAF90B61C98650D001B42A0 = {
						CreatedOnToolsVersion = 7.2.1;
					};
				};
			};
			buildConfigurationList = FCAF90B21C98650D001B42A0 /* Build configuration list for PBXProject "petitions" */;
			compatibilityVersion = "Xcode 3.2";
			developmentRegion = English;
			hasScannedForEncodings = 0;
			knownRegions = (
				en,
				Base,
			);
			mainGroup = FCAF90AE1C98650D001B42A0;
			productRefGroup = FCAF90B81C98650D001B42A0 /* Products */;
			projectDirPath = "";
			projectRoot = "";
			targets = (
				FCAF90B61C98650D001B42A0 /* petitions */,
			);
		};
/* End PBXProject section */

/* Begin PBXResourcesBuildPhase section */
		FCAF90B51C98650D001B42A0 /* Resources */ = {
			isa = PBXResourcesBuildPhase;
			buildActionMask = 2147483647;
			files = (
				FCAF90C71C98650D001B42A0 /* LaunchScreen.storyboard in Resources */,
				FCAF90C41C98650D001B42A0 /* Assets.xcassets in Resources */,
				FCAF90C21C98650D001B42A0 /* Main.storyboard in Resources */,
			);
			runOnlyForDeploymentPostprocessing = 0;
		};
/* End PBXResourcesBuildPhase section */

/* Begin PBXSourcesBuildPhase section */
		FCAF90B31C98650D001B42A0 /* Sources */ = {
			isa = PBXSourcesBuildPhase;
			buildActionMask = 2147483647;
			files = (
				FCAF90BF1C98650D001B42A0 /* DetailViewController.swift in Sources */,
				FCAF90BD1C98650D001B42A0 /* MasterViewController.swift in Sources */,
				FCAF90BB1C98650D001B42A0 /* AppDelegate.swift in Sources */,
			);
			runOnlyForDeploymentPostprocessing = 0;
		};
/* End PBXSourcesBuildPhase section */

/* Begin PBXVariantGroup section */
		FCAF90C01C98650D001B42A0 /* Main.storyboard */ = {
			isa = PBXVariantGroup;
			children = (
				FCAF90C11C98650D001B42A0 /* Base */,
			);
			name = Main.storyboard;
			sourceTree = "<group>";
		};
		FCAF90C51C98650D001B42A0 /* LaunchScreen.storyboard */ = {
			isa = PBXVariantGroup;
			children = (
				FCAF90C61C98650D001B42A0 /* Base */,
			);
			name = LaunchScreen.storyboard;
			sourceTree = "<group>";
		};
/* End PBXVariantGroup section */

/* Begin XCBuildConfiguration section */
		FCAF90C91C98650D001B42A0 /* Debug */ = {
			isa = XCBuildConfiguration;
			buildSettings = {
				ALWAYS_SEARCH_USER_PATHS = NO;
				CLANG_CXX_LANGUAGE_STANDARD = "gnu++0x";
				CLANG_CXX_LIBRARY = "libc++";
				CLANG_ENABLE_MODULES = YES;
				CLANG_ENABLE_OBJC_ARC = YES;
				CLANG_WARN_BOOL_CONVERSION = YES;
				CLANG_WARN_CONSTANT_CONVERSION = YES;
				CLANG_WARN_DIRECT_OBJC_ISA_USAGE = YES_ERROR;
				CLANG_WARN_EMPTY_BODY = YES;
				CLANG_WARN_ENUM_CONVERSION = YES;
				CLANG_WARN_INT_CONVERSION = YES;
				CLANG_WARN_OBJC_ROOT_CLASS = YES_ERROR;
				CLANG_WARN_UNREACHABLE_CODE = YES;
				CLANG_WARN__DUPLICATE_METHOD_MATCH = YES;
				"CODE_SIGN_IDENTITY[sdk=iphoneos*]" = "iPhone Developer";
				COPY_PHASE_STRIP = NO;
				DEBUG_INFORMATION_FORMAT = dwarf;
				ENABLE_STRICT_OBJC_MSGSEND = YES;
				ENABLE_TESTABILITY = YES;
				GCC_C_LANGUAGE_STANDARD = gnu99;
				GCC_DYNAMIC_NO_PIC = NO;
				GCC_NO_COMMON_BLOCKS = YES;
				GCC_OPTIMIZATION_LEVEL = 0;
				GCC_PREPROCESSOR_DEFINITIONS = (
					"DEBUG=1",
					"$(inherited)",
				);
				GCC_WARN_64_TO_32_BIT_CONVERSION = YES;
				GCC_WARN_ABOUT_RETURN_TYPE = YES_ERROR;
				GCC_WARN_UNDECLARED_SELECTOR = YES;
				GCC_WARN_UNINITIALIZED_AUTOS = YES_AGGRESSIVE;
				GCC_WARN_UNUSED_FUNCTION = YES;
				GCC_WARN_UNUSED_VARIABLE = YES;
				IPHONEOS_DEPLOYMENT_TARGET = 9.2;
				MTL_ENABLE_DEBUG_INFO = YES;
				ONLY_ACTIVE_ARCH = YES;
				SDKROOT = iphoneos;
				SWIFT_OPTIMIZATION_LEVEL = "-Onone";
			};
			name = Debug;
		};
		FCAF90CA1C98650D001B42A0 /* Release */ = {
			isa = XCBuildConfiguration;
			buildSettings = {
				ALWAYS_SEARCH_USER_PATHS = NO;
				CLANG_CXX_LANGUAGE_STANDARD = "gnu++0x";
				CLANG_CXX_LIBRARY = "libc++";
				CLANG_ENABLE_MODULES = YES;
				CLANG_ENABLE_OBJC_ARC = YES;
				CLANG_WARN_BOOL_CONVERSION = YES;
				CLANG_WARN_CONSTANT_CONVERSION = YES;
				CLANG_WARN_DIRECT_OBJC_ISA_USAGE = YES_ERROR;
				CLANG_WARN_EMPTY_BODY = YES;
				CLANG_WARN_ENUM_CONVERSION = YES;
				CLANG_WARN_INT_CONVERSION = YES;
				CLANG_WARN_OBJC_ROOT_CLASS = YES_ERROR;
				CLANG_WARN_UNREACHABLE_CODE = YES;
				CLANG_WARN__DUPLICATE_METHOD_MATCH = YES;
				"CODE_SIGN_IDENTITY[sdk=iphoneos*]" = "iPhone Developer";
				COPY_PHASE_STRIP = NO;
				DEBUG_INFORMATION_FORMAT = "dwarf-with-dsym";
				ENABLE_NS_ASSERTIONS = NO;
				ENABLE_STRICT_OBJC_MSGSEND = YES;
				GCC_C_LANGUAGE_STANDARD = gnu99;
				GCC_NO_COMMON_BLOCKS = YES;
				GCC_WARN_64_TO_32_BIT_CONVERSION = YES;
				GCC_WARN_ABOUT_RETURN_TYPE = YES_ERROR;
				GCC_WARN_UNDECLARED_SELECTOR = YES;
				GCC_WARN_UNINITIALIZED_AUTOS = YES_AGGRESSIVE;
				GCC_WARN_UNUSED_FUNCTION = YES;
				GCC_WARN_UNUSED_VARIABLE = YES;
				IPHONEOS_DEPLOYMENT_TARGET = 9.2;
				MTL_ENABLE_DEBUG_INFO = NO;
				SDKROOT = iphoneos;
				VALIDATE_PRODUCT = YES;
			};
			name = Release;
		};
		FCAF90CC1C98650D001B42A0 /* Debug */ = {
			isa = XCBuildConfiguration;
			buildSettings = {
				ASSETCATALOG_COMPILER_APPICON_NAME = AppIcon;
				INFOPLIST_FILE = petitions/Info.plist;
				LD_RUNPATH_SEARCH_PATHS = "$(inherited) @executable_path/Frameworks";
				PRODUCT_BUNDLE_IDENTIFIER = MAD2016.petitions;
				PRODUCT_NAME = "$(TARGET_NAME)";
			};
			name = Debug;
		};
		FCAF90CD1C98650D001B42A0 /* Release */ = {
			isa = XCBuildConfiguration;
			buildSettings = {
				ASSETCATALOG_COMPILER_APPICON_NAME = AppIcon;
				INFOPLIST_FILE = petitions/Info.plist;
				LD_RUNPATH_SEARCH_PATHS = "$(inherited) @executable_path/Frameworks";
				PRODUCT_BUNDLE_IDENTIFIER = MAD2016.petitions;
				PRODUCT_NAME = "$(TARGET_NAME)";
			};
			name = Release;
		};
/* End XCBuildConfiguration section */

/* Begin XCConfigurationList section */
		FCAF90B21C98650D001B42A0 /* Build configuration list for PBXProject "petitions" */ = {
			isa = XCConfigurationList;
			buildConfigurations = (
				FCAF90C91C98650D001B42A0 /* Debug */,
				FCAF90CA1C98650D001B42A0 /* Release */,
			);
			defaultConfigurationIsVisible = 0;
			defaultConfigurationName = Release;
		};
		FCAF90CB1C98650D001B42A0 /* Build configuration list for PBXNativeTarget "petitions" */ = {
			isa = XCConfigurationList;
			buildConfigurations = (
				FCAF90CC1C98650D001B42A0 /* Debug */,
				FCAF90CD1C98650D001B42A0 /* Release */,
			);
			defaultConfigurationIsVisible = 0;
		};
/* End XCConfigurationList section */
	};
	rootObject = FCAF90AF1C98650D001B42A0 /* Project object */;
}
