// !$*UTF8*$!
{
	archiveVersion = 1;
	classes = {
	};
	objectVersion = 46;
	objects = {

/* Begin PBXBuildFile section */
		FCAF909D1C986493001B42A0 /* AppDelegate.swift in Sources */ = {isa = PBXBuildFile; fileRef = FCAF909C1C986493001B42A0 /* AppDelegate.swift */; };
		FCAF909F1C986493001B42A0 /* ViewController.swift in Sources */ = {isa = PBXBuildFile; fileRef = FCAF909E1C986493001B42A0 /* ViewController.swift */; };
		FCAF90A21C986493001B42A0 /* Main.storyboard in Resources */ = {isa = PBXBuildFile; fileRef = FCAF90A01C986493001B42A0 /* Main.storyboard */; };
		FCAF90A41C986493001B42A0 /* Assets.xcassets in Resources */ = {isa = PBXBuildFile; fileRef = FCAF90A31C986493001B42A0 /* Assets.xcassets */; };
		FCAF90A71C986493001B42A0 /* LaunchScreen.storyboard in Resources */ = {isa = PBXBuildFile; fileRef = FCAF90A51C986493001B42A0 /* LaunchScreen.storyboard */; };
/* End PBXBuildFile section */

/* Begin PBXFileReference section */
		FCAF90991C986493001B42A0 /* petition.app */ = {isa = PBXFileReference; explicitFileType = wrapper.application; includeInIndex = 0; path = petition.app; sourceTree = BUILT_PRODUCTS_DIR; };
		FCAF909C1C986493001B42A0 /* AppDelegate.swift */ = {isa = PBXFileReference; lastKnownFileType = sourcecode.swift; path = AppDelegate.swift; sourceTree = "<group>"; };
		FCAF909E1C986493001B42A0 /* ViewController.swift */ = {isa = PBXFileReference; lastKnownFileType = sourcecode.swift; path = ViewController.swift; sourceTree = "<group>"; };
		FCAF90A11C986493001B42A0 /* Base */ = {isa = PBXFileReference; lastKnownFileType = file.storyboard; name = Base; path = Base.lproj/Main.storyboard; sourceTree = "<group>"; };
		FCAF90A31C986493001B42A0 /* Assets.xcassets */ = {isa = PBXFileReference; lastKnownFileType = folder.assetcatalog; path = Assets.xcassets; sourceTree = "<group>"; };
		FCAF90A61C986493001B42A0 /* Base */ = {isa = PBXFileReference; lastKnownFileType = file.storyboard; name = Base; path = Base.lproj/LaunchScreen.storyboard; sourceTree = "<group>"; };
		FCAF90A81C986493001B42A0 /* Info.plist */ = {isa = PBXFileReference; lastKnownFileType = text.plist.xml; path = Info.plist; sourceTree = "<group>"; };
/* End PBXFileReference section */

/* Begin PBXFrameworksBuildPhase section */
		FCAF90961C986493001B42A0 /* Frameworks */ = {
			isa = PBXFrameworksBuildPhase;
			buildActionMask = 2147483647;
			files = (
			);
			runOnlyForDeploymentPostprocessing = 0;
		};
/* End PBXFrameworksBuildPhase section */

/* Begin PBXGroup section */
		FCAF90901C986493001B42A0 = {
			isa = PBXGroup;
			children = (
				FCAF909B1C986493001B42A0 /* petition */,
				FCAF909A1C986493001B42A0 /* Products */,
			);
			sourceTree = "<group>";
		};
		FCAF909A1C986493001B42A0 /* Products */ = {
			isa = PBXGroup;
			children = (
				FCAF90991C986493001B42A0 /* petition.app */,
			);
			name = Products;
			sourceTree = "<group>";
		};
		FCAF909B1C986493001B42A0 /* petition */ = {
			isa = PBXGroup;
			children = (
				FCAF909C1C986493001B42A0 /* AppDelegate.swift */,
				FCAF909E1C986493001B42A0 /* ViewController.swift */,
				FCAF90A01C986493001B42A0 /* Main.storyboard */,
				FCAF90A31C986493001B42A0 /* Assets.xcassets */,
				FCAF90A51C986493001B42A0 /* LaunchScreen.storyboard */,
				FCAF90A81C986493001B42A0 /* Info.plist */,
			);
			path = petition;
			sourceTree = "<group>";
		};
/* End PBXGroup section */

/* Begin PBXNativeTarget section */
		FCAF90981C986493001B42A0 /* petition */ = {
			isa = PBXNativeTarget;
			buildConfigurationList = FCAF90AB1C986493001B42A0 /* Build configuration list for PBXNativeTarget "petition" */;
			buildPhases = (
				FCAF90951C986493001B42A0 /* Sources */,
				FCAF90961C986493001B42A0 /* Frameworks */,
				FCAF90971C986493001B42A0 /* Resources */,
			);
			buildRules = (
			);
			dependencies = (
			);
			name = petition;
			productName = petition;
			productReference = FCAF90991C986493001B42A0 /* petition.app */;
			productType = "com.apple.product-type.application";
		};
/* End PBXNativeTarget section */

/* Begin PBXProject section */
		FCAF90911C986493001B42A0 /* Project object */ = {
			isa = PBXProject;
			attributes = {
				LastSwiftUpdateCheck = 0720;
				LastUpgradeCheck = 0720;
				ORGANIZATIONNAME = "Connor McGuinness";
				TargetAttributes = {
					FCAF90981C986493001B42A0 = {
						CreatedOnToolsVersion = 7.2.1;
					};
				};
			};
			buildConfigurationList = FCAF90941C986493001B42A0 /* Build configuration list for PBXProject "petition" */;
			compatibilityVersion = "Xcode 3.2";
			developmentRegion = English;
			hasScannedForEncodings = 0;
			knownRegions = (
				en,
				Base,
			);
			mainGroup = FCAF90901C986493001B42A0;
			productRefGroup = FCAF909A1C986493001B42A0 /* Products */;
			projectDirPath = "";
			projectRoot = "";
			targets = (
				FCAF90981C986493001B42A0 /* petition */,
			);
		};
/* End PBXProject section */

/* Begin PBXResourcesBuildPhase section */
		FCAF90971C986493001B42A0 /* Resources */ = {
			isa = PBXResourcesBuildPhase;
			buildActionMask = 2147483647;
			files = (
				FCAF90A71C986493001B42A0 /* LaunchScreen.storyboard in Resources */,
				FCAF90A41C986493001B42A0 /* Assets.xcassets in Resources */,
				FCAF90A21C986493001B42A0 /* Main.storyboard in Resources */,
			);
			runOnlyForDeploymentPostprocessing = 0;
		};
/* End PBXResourcesBuildPhase section */

/* Begin PBXSourcesBuildPhase section */
		FCAF90951C986493001B42A0 /* Sources */ = {
			isa = PBXSourcesBuildPhase;
			buildActionMask = 2147483647;
			files = (
				FCAF909F1C986493001B42A0 /* ViewController.swift in Sources */,
				FCAF909D1C986493001B42A0 /* AppDelegate.swift in Sources */,
			);
			runOnlyForDeploymentPostprocessing = 0;
		};
/* End PBXSourcesBuildPhase section */

/* Begin PBXVariantGroup section */
		FCAF90A01C986493001B42A0 /* Main.storyboard */ = {
			isa = PBXVariantGroup;
			children = (
				FCAF90A11C986493001B42A0 /* Base */,
			);
			name = Main.storyboard;
			sourceTree = "<group>";
		};
		FCAF90A51C986493001B42A0 /* LaunchScreen.storyboard */ = {
			isa = PBXVariantGroup;
			children = (
				FCAF90A61C986493001B42A0 /* Base */,
			);
			name = LaunchScreen.storyboard;
			sourceTree = "<group>";
		};
/* End PBXVariantGroup section */

/* Begin XCBuildConfiguration section */
		FCAF90A91C986493001B42A0 /* Debug */ = {
			isa = XCBuildConfiguration;
			buildSettings = {
				ALWAYS_SEARCH_USER_PATHS = NO;
				CLANG_CXX_LANGUAGE_STANDARD = "gnu++0x";
				CLANG_CXX_LIBRARY = "libc++";
				CLANG_ENABLE_MODULES = YES;
				CLANG_ENABLE_OBJC_ARC = YES;
				CLANG_WARN_BOOL_CONVERSION = YES;
				CLANG_WARN_CONSTANT_CONVERSION = YES;
				CLANG_WARN_DIRECT_OBJC_ISA_USAGE = YES_ERROR;
				CLANG_WARN_EMPTY_BODY = YES;
				CLANG_WARN_ENUM_CONVERSION = YES;
				CLANG_WARN_INT_CONVERSION = YES;
				CLANG_WARN_OBJC_ROOT_CLASS = YES_ERROR;
				CLANG_WARN_UNREACHABLE_CODE = YES;
				CLANG_WARN__DUPLICATE_METHOD_MATCH = YES;
				"CODE_SIGN_IDENTITY[sdk=iphoneos*]" = "iPhone Developer";
				COPY_PHASE_STRIP = NO;
				DEBUG_INFORMATION_FORMAT = dwarf;
				ENABLE_STRICT_OBJC_MSGSEND = YES;
				ENABLE_TESTABILITY = YES;
				GCC_C_LANGUAGE_STANDARD = gnu99;
				GCC_DYNAMIC_NO_PIC = NO;
				GCC_NO_COMMON_BLOCKS = YES;
				GCC_OPTIMIZATION_LEVEL = 0;
				GCC_PREPROCESSOR_DEFINITIONS = (
					"DEBUG=1",
					"$(inherited)",
				);
				GCC_WARN_64_TO_32_BIT_CONVERSION = YES;
				GCC_WARN_ABOUT_RETURN_TYPE = YES_ERROR;
				GCC_WARN_UNDECLARED_SELECTOR = YES;
				GCC_WARN_UNINITIALIZED_AUTOS = YES_AGGRESSIVE;
				GCC_WARN_UNUSED_FUNCTION = YES;
				GCC_WARN_UNUSED_VARIABLE = YES;
				IPHONEOS_DEPLOYMENT_TARGET = 9.2;
				MTL_ENABLE_DEBUG_INFO = YES;
				ONLY_ACTIVE_ARCH = YES;
				SDKROOT = iphoneos;
				SWIFT_OPTIMIZATION_LEVEL = "-Onone";
				TARGETED_DEVICE_FAMILY = "1,2";
			};
			name = Debug;
		};
		FCAF90AA1C986493001B42A0 /* Release */ = {
			isa = XCBuildConfiguration;
			buildSettings = {
				ALWAYS_SEARCH_USER_PATHS = NO;
				CLANG_CXX_LANGUAGE_STANDARD = "gnu++0x";
				CLANG_CXX_LIBRARY = "libc++";
				CLANG_ENABLE_MODULES = YES;
				CLANG_ENABLE_OBJC_ARC = YES;
				CLANG_WARN_BOOL_CONVERSION = YES;
				CLANG_WARN_CONSTANT_CONVERSION = YES;
				CLANG_WARN_DIRECT_OBJC_ISA_USAGE = YES_ERROR;
				CLANG_WARN_EMPTY_BODY = YES;
				CLANG_WARN_ENUM_CONVERSION = YES;
				CLANG_WARN_INT_CONVERSION = YES;
				CLANG_WARN_OBJC_ROOT_CLASS = YES_ERROR;
				CLANG_WARN_UNREACHABLE_CODE = YES;
				CLANG_WARN__DUPLICATE_METHOD_MATCH = YES;
				"CODE_SIGN_IDENTITY[sdk=iphoneos*]" = "iPhone Developer";
				COPY_PHASE_STRIP = NO;
				DEBUG_INFORMATION_FORMAT = "dwarf-with-dsym";
				ENABLE_NS_ASSERTIONS = NO;
				ENABLE_STRICT_OBJC_MSGSEND = YES;
				GCC_C_LANGUAGE_STANDARD = gnu99;
				GCC_NO_COMMON_BLOCKS = YES;
				GCC_WARN_64_TO_32_BIT_CONVERSION = YES;
				GCC_WARN_ABOUT_RETURN_TYPE = YES_ERROR;
				GCC_WARN_UNDECLARED_SELECTOR = YES;
				GCC_WARN_UNINITIALIZED_AUTOS = YES_AGGRESSIVE;
				GCC_WARN_UNUSED_FUNCTION = YES;
				GCC_WARN_UNUSED_VARIABLE = YES;
				IPHONEOS_DEPLOYMENT_TARGET = 9.2;
				MTL_ENABLE_DEBUG_INFO = NO;
				SDKROOT = iphoneos;
				TARGETED_DEVICE_FAMILY = "1,2";
				VALIDATE_PRODUCT = YES;
			};
			name = Release;
		};
		FCAF90AC1C986493001B42A0 /* Debug */ = {
			isa = XCBuildConfiguration;
			buildSettings = {
				ASSETCATALOG_COMPILER_APPICON_NAME = AppIcon;
				INFOPLIST_FILE = petition/Info.plist;
				LD_RUNPATH_SEARCH_PATHS = "$(inherited) @executable_path/Frameworks";
				PRODUCT_BUNDLE_IDENTIFIER = MAD2016.petition;
				PRODUCT_NAME = "$(TARGET_NAME)";
			};
			name = Debug;
		};
		FCAF90AD1C986493001B42A0 /* Release */ = {
			isa = XCBuildConfiguration;
			buildSettings = {
				ASSETCATALOG_COMPILER_APPICON_NAME = AppIcon;
				INFOPLIST_FILE = petition/Info.plist;
				LD_RUNPATH_SEARCH_PATHS = "$(inherited) @executable_path/Frameworks";
				PRODUCT_BUNDLE_IDENTIFIER = MAD2016.petition;
				PRODUCT_NAME = "$(TARGET_NAME)";
			};
			name = Release;
		};
/* End XCBuildConfiguration section */

/* Begin XCConfigurationList section */
		FCAF90941C986493001B42A0 /* Build configuration list for PBXProject "petition" */ = {
			isa = XCConfigurationList;
			buildConfigurations = (
				FCAF90A91C986493001B42A0 /* Debug */,
				FCAF90AA1C986493001B42A0 /* Release */,
			);
			defaultConfigurationIsVisible = 0;
			defaultConfigurationName = Release;
		};
		FCAF90AB1C986493001B42A0 /* Build configuration list for PBXNativeTarget "petition" */ = {
			isa = XCConfigurationList;
			buildConfigurations = (
				FCAF90AC1C986493001B42A0 /* Debug */,
				FCAF90AD1C986493001B42A0 /* Release */,
			);
			defaultConfigurationIsVisible = 0;
		};
/* End XCConfigurationList section */
	};
	rootObject = FCAF90911C986493001B42A0 /* Project object */;
}
